
Microsoft Visual Studio Solution File, Format Version 12.00
# Visual Studio 2017
Project("{FAE04EC0-301F-11D3-BF4B-00C04F79EFBC}") = "Firefighter Data Visualization", "Firefighter Data Visualization.csproj", "{BC5A74A2-3595-3072-EAE0-C4CE6625D9B7}"
EndProject
Project("{FAE04EC0-301F-11D3-BF4B-00C04F79EFBC}") = "Firefighter Data Visualization.Editor", "Firefighter Data Visualization.Editor.csproj", "{F1CB51DA-E45F-F16B-69C6-43272E0F6FDE}"
EndProject
Global
	GlobalSection(SolutionConfigurationPlatforms) = preSolution
		Debug|Any CPU = Debug|Any CPU
		Release|Any CPU = Release|Any CPU
	EndGlobalSection
	GlobalSection(ProjectConfigurationPlatforms) = postSolution
		{BC5A74A2-3595-3072-EAE0-C4CE6625D9B7}.Debug|Any CPU.ActiveCfg = Debug|Any CPU
		{BC5A74A2-3595-3072-EAE0-C4CE6625D9B7}.Debug|Any CPU.Build.0 = Debug|Any CPU
		{BC5A74A2-3595-3072-EAE0-C4CE6625D9B7}.Release|Any CPU.ActiveCfg = Release|Any CPU
		{BC5A74A2-3595-3072-EAE0-C4CE6625D9B7}.Release|Any CPU.Build.0 = Release|Any CPU
		{F1CB51DA-E45F-F16B-69C6-43272E0F6FDE}.Debug|Any CPU.ActiveCfg = Debug|Any CPU
		{F1CB51DA-E45F-F16B-69C6-43272E0F6FDE}.Debug|Any CPU.Build.0 = Debug|Any CPU
		{F1CB51DA-E45F-F16B-69C6-43272E0F6FDE}.Release|Any CPU.ActiveCfg = Release|Any CPU
		{F1CB51DA-E45F-F16B-69C6-43272E0F6FDE}.Release|Any CPU.Build.0 = Release|Any CPU
	EndGlobalSection
	GlobalSection(SolutionProperties) = preSolution
		HideSolutionNode = FALSE
	EndGlobalSection
EndGlobal
